{
  "version": 4,
  "terraform_version": "1.13.0",
  "serial": 70,
  "lineage": "21248373-4783-dbc3-925f-881e8bd7d23a",
  "outputs": {
    "public_ip_address": {
      "value": "$(azurerm_linux_virtual_machine.nc-vm.name): $(data.azurerm_public_ip.nc-ip-data.ip_address)",
      "type": "string"
    }
  },
  "resources": [
    {
      "mode": "data",
      "type": "azurerm_public_ip",
      "name": "nc-ip-data",
      "provider": "provider[\"registry.terraform.io/hashicorp/azurerm\"]",
      "instances": [
        {
          "schema_version": 0,
          "attributes": {
            "allocation_method": "Dynamic",
            "domain_name_label": "",
            "fqdn": "",
            "id": "/subscriptions/db044149-df09-4871-bcaa-db118b8f3769/resourceGroups/nimbuscompute-resources/providers/Microsoft.Network/publicIPAddresses/nc-ip",
            "idle_timeout_in_minutes": 4,
            "ip_address": "",
            "ip_tags": {},
            "ip_version": "IPv4",
            "location": "uksouth",
            "name": "nc-ip",
            "resource_group_name": "nimbuscompute-resources",
            "reverse_fqdn": "",
            "sku": "Basic",
            "tags": {
              "environment": "dev"
            },
            "timeouts": null,
            "zones": []
          },
          "sensitive_attributes": [],
          "identity_schema_version": 0
        }
      ]
    },
    {
      "mode": "managed",
      "type": "azurerm_linux_virtual_machine",
      "name": "nc-vm",
      "provider": "provider[\"registry.terraform.io/hashicorp/azurerm\"]",
      "instances": [
        {
          "schema_version": 0,
          "attributes": {
            "additional_capabilities": [],
            "admin_password": null,
            "admin_ssh_key": [
              {
                "public_key": "ssh-rsa AAAAB3NzaC1yc2EAAAADAQABAAABgQDj1LCpvEr19Y/QYAf6TFoRI1c49bjugP76qR9jdENJeHehbPyPSXWvAzrTMjKBtDZUZL6w8bWPdo1WluICqaI3YWwtkitQvO4fsl/lPsAbwobw/zCQYyW1C4VfNRO8tEmBAyMo30X4djQWKi+o42tAr5rXTS6HTgw3L3C/yRR1T37o80bibFT3dybKGlON4LSyl0TzCrR9EGIWDFRm6SDQJ/tq5nttF+gVSm4NaLuAsJnrP8pa4n6O73knW/QYN7dBMpfP4CSS22xOwmcHZv98G0cJeQSxyndP3cgHLWhuOfchUClY8GmymrXR4AonHPm3i4UoIR5UMF5qPvTDRLBl7FWHDjKJd1adA/saLB5+BcLo3BJHxVyuQhYT2IWv75ImE86vne5rUHt1mBB8o74gxtR3GzK0jCzCPvKD75AlYtLB9JrRtANCxBsFYjta8oARVS9V/qCUTbzUEw9snPFg/bpOoJL0jCC6PTiKISOTUmaj2IwaV1+JM774RYntC4k= olatu@PeterDotlah\r\n",
                "username": "adminuser"
              }
            ],
            "admin_username": "adminuser",
            "allow_extension_operations": true,
            "availability_set_id": "",
            "boot_diagnostics": [],
            "computer_name": "nc-vm",
            "custom_data": "IyEvYmluL2Jhc2gNCnN1ZG8gYXB0LWdldCB1cGRhdGUgLXkgJiYNCnN1ZG8gYXB0LWdldCBpbnN0YWxsIC15IFwNCmFwdC10cmFuc3BvcnQtaHR0cHMgXA0KY2EtY2VydGlmaWNhdGVzDQpjdXJsIFwNCmdudXBnLWFnZW50IFwNCnNvZnR3YXJlLXByb3BlcnRpZXMtY29tbW9uICYmDQpjdXJsIC1mc1NsIGh0dHBzOi8vZG93bmxvYWQuZG9ja2VyLmNvbS9saW51eC91YnVudHUvZ3BnIHwgc3VkbyBhcHQta2V5IGFkZCAtICYmDQpzdWRvIGFkZC1hcHQtcmVwb3NpdG9yeSAiZGViIFthcmNoPWFtZDY0XSBodHRwczovL2Rvd25sb2FkLmRvY2tlci5jb20vbGludXgvdWJ1bnR1ICQobHNiX3JlbGVhc2UgLWNzKSBzdGFibGUiICYmDQpzdWRvIGFwdC1nZXQgdXBkYXRlIC15ICYmDQpzdWRvIHN1ZG8gYXB0LWdldCBpbnN0YWxsIGRvY2tlci1jZSBkb2NrZXItY2UtY2xpIGNvbnRhaW5lcmQuaW8gLXkgJiYNCnN1ZG8gdXNlcm1vZCAtYUcgZG9ja2VyIHVidW50dQ==",
            "dedicated_host_group_id": "",
            "dedicated_host_id": "",
            "disable_password_authentication": true,
            "edge_zone": "",
            "encryption_at_host_enabled": false,
            "eviction_policy": "",
            "extensions_time_budget": "PT1H30M",
            "id": "/subscriptions/db044149-df09-4871-bcaa-db118b8f3769/resourceGroups/nimbuscompute-resources/providers/Microsoft.Compute/virtualMachines/nc-vm",
            "identity": [],
            "license_type": "",
            "location": "uksouth",
            "max_bid_price": -1,
            "name": "nc-vm",
            "network_interface_ids": [
              "/subscriptions/db044149-df09-4871-bcaa-db118b8f3769/resourceGroups/nimbuscompute-resources/providers/Microsoft.Network/networkInterfaces/nc-nic"
            ],
            "os_disk": [
              {
                "caching": "ReadWrite",
                "diff_disk_settings": [],
                "disk_encryption_set_id": "",
                "disk_size_gb": 30,
                "name": "nc-vm_disk1_6219bf23430c41b9aefa6bccbfb0373b",
                "storage_account_type": "Standard_LRS",
                "write_accelerator_enabled": false
              }
            ],
            "patch_mode": "ImageDefault",
            "plan": [],
            "platform_fault_domain": -1,
            "priority": "Regular",
            "private_ip_address": "10.0.1.4",
            "private_ip_addresses": [
              "10.0.1.4"
            ],
            "provision_vm_agent": true,
            "proximity_placement_group_id": "",
            "public_ip_address": "4.234.122.100",
            "public_ip_addresses": [
              "4.234.122.100"
            ],
            "resource_group_name": "nimbuscompute-resources",
            "secret": [],
            "secure_boot_enabled": false,
            "size": "Standard_B1s",
            "source_image_id": "",
            "source_image_reference": [
              {
                "offer": "0001-com-ubuntu-server-jammy",
                "publisher": "Canonical",
                "sku": "22_04-lts",
                "version": "latest"
              }
            ],
            "tags": {
              "environment": "dev"
            },
            "termination_notification": null,
            "timeouts": null,
            "user_data": "",
            "virtual_machine_id": "c3486ca1-dbb4-490f-9cd2-568e5007a544",
            "virtual_machine_scale_set_id": "",
            "vtpm_enabled": false,
            "zone": ""
          },
          "sensitive_attributes": [
            [
              {
                "type": "get_attr",
                "value": "admin_password"
              }
            ],
            [
              {
                "type": "get_attr",
                "value": "custom_data"
              }
            ]
          ],
          "identity_schema_version": 0,
          "private": "eyJlMmJmYjczMC1lY2FhLTExZTYtOGY4OC0zNDM2M2JjN2M0YzAiOnsiY3JlYXRlIjoyNzAwMDAwMDAwMDAwLCJkZWxldGUiOjI3MDAwMDAwMDAwMDAsInJlYWQiOjMwMDAwMDAwMDAwMCwidXBkYXRlIjoyNzAwMDAwMDAwMDAwfX0=",
          "dependencies": [
            "azurerm_network_interface.nc-nic",
            "azurerm_public_ip.nc-ip",
            "azurerm_resource_group.nimbuscompute-rg",
            "azurerm_subnet.nc-subnet",
            "azurerm_virtual_network.nc-rg"
          ]
        }
      ]
    },
    {
      "mode": "managed",
      "type": "azurerm_network_interface",
      "name": "nc-nic",
      "provider": "provider[\"registry.terraform.io/hashicorp/azurerm\"]",
      "instances": [
        {
          "schema_version": 0,
          "attributes": {
            "applied_dns_servers": [],
            "dns_servers": [],
            "edge_zone": "",
            "enable_accelerated_networking": false,
            "enable_ip_forwarding": false,
            "id": "/subscriptions/db044149-df09-4871-bcaa-db118b8f3769/resourceGroups/nimbuscompute-resources/providers/Microsoft.Network/networkInterfaces/nc-nic",
            "internal_dns_name_label": "",
            "internal_domain_name_suffix": "itscbqrraxeene04culzenjpqh.zx.internal.cloudapp.net",
            "ip_configuration": [
              {
                "gateway_load_balancer_frontend_ip_configuration_id": "",
                "name": "internal",
                "primary": true,
                "private_ip_address": "10.0.1.4",
                "private_ip_address_allocation": "Dynamic",
                "private_ip_address_version": "IPv4",
                "public_ip_address_id": "/subscriptions/db044149-df09-4871-bcaa-db118b8f3769/resourceGroups/nimbuscompute-resources/providers/Microsoft.Network/publicIPAddresses/nc-ip",
                "subnet_id": "/subscriptions/db044149-df09-4871-bcaa-db118b8f3769/resourceGroups/nimbuscompute-resources/providers/Microsoft.Network/virtualNetworks/nimbuscompute-network/subnets/nimbuscompute-subnet"
              }
            ],
            "location": "uksouth",
            "mac_address": "",
            "name": "nc-nic",
            "private_ip_address": "10.0.1.4",
            "private_ip_addresses": [
              "10.0.1.4"
            ],
            "resource_group_name": "nimbuscompute-resources",
            "tags": {
              "environment": "dev"
            },
            "timeouts": null,
            "virtual_machine_id": ""
          },
          "sensitive_attributes": [],
          "identity_schema_version": 0,
          "private": "eyJlMmJmYjczMC1lY2FhLTExZTYtOGY4OC0zNDM2M2JjN2M0YzAiOnsiY3JlYXRlIjoxODAwMDAwMDAwMDAwLCJkZWxldGUiOjE4MDAwMDAwMDAwMDAsInJlYWQiOjMwMDAwMDAwMDAwMCwidXBkYXRlIjoxODAwMDAwMDAwMDAwfX0=",
          "dependencies": [
            "azurerm_public_ip.nc-ip",
            "azurerm_resource_group.nimbuscompute-rg",
            "azurerm_subnet.nc-subnet",
            "azurerm_virtual_network.nc-rg"
          ]
        }
      ]
    },
    {
      "mode": "managed",
      "type": "azurerm_network_security_group",
      "name": "nc-sg",
      "provider": "provider[\"registry.terraform.io/hashicorp/azurerm\"]",
      "instances": [
        {
          "schema_version": 0,
          "attributes": {
            "id": "/subscriptions/db044149-df09-4871-bcaa-db118b8f3769/resourceGroups/nimbuscompute-resources/providers/Microsoft.Network/networkSecurityGroups/nc-sg",
            "location": "uksouth",
            "name": "nc-sg",
            "resource_group_name": "nimbuscompute-resources",
            "security_rule": [],
            "tags": {
              "environment": "dev"
            },
            "timeouts": null
          },
          "sensitive_attributes": [],
          "identity_schema_version": 0,
          "private": "eyJlMmJmYjczMC1lY2FhLTExZTYtOGY4OC0zNDM2M2JjN2M0YzAiOnsiY3JlYXRlIjoxODAwMDAwMDAwMDAwLCJkZWxldGUiOjE4MDAwMDAwMDAwMDAsInJlYWQiOjMwMDAwMDAwMDAwMCwidXBkYXRlIjoxODAwMDAwMDAwMDAwfX0=",
          "dependencies": [
            "azurerm_resource_group.nimbuscompute-rg"
          ]
        }
      ]
    },
    {
      "mode": "managed",
      "type": "azurerm_network_security_rule",
      "name": "nc-dev-rule",
      "provider": "provider[\"registry.terraform.io/hashicorp/azurerm\"]",
      "instances": [
        {
          "schema_version": 0,
          "attributes": {
            "access": "Allow",
            "description": "",
            "destination_address_prefix": "*",
            "destination_address_prefixes": null,
            "destination_application_security_group_ids": null,
            "destination_port_range": "*",
            "destination_port_ranges": null,
            "direction": "Inbound",
            "id": "/subscriptions/db044149-df09-4871-bcaa-db118b8f3769/resourceGroups/nimbuscompute-resources/providers/Microsoft.Network/networkSecurityGroups/nc-sg/securityRules/nc-dev-rule",
            "name": "nc-dev-rule",
            "network_security_group_name": "nc-sg",
            "priority": 100,
            "protocol": "*",
            "resource_group_name": "nimbuscompute-resources",
            "source_address_prefix": "*",
            "source_address_prefixes": null,
            "source_application_security_group_ids": null,
            "source_port_range": "*",
            "source_port_ranges": null,
            "timeouts": null
          },
          "sensitive_attributes": [],
          "identity_schema_version": 0,
          "private": "eyJlMmJmYjczMC1lY2FhLTExZTYtOGY4OC0zNDM2M2JjN2M0YzAiOnsiY3JlYXRlIjoxODAwMDAwMDAwMDAwLCJkZWxldGUiOjE4MDAwMDAwMDAwMDAsInJlYWQiOjMwMDAwMDAwMDAwMCwidXBkYXRlIjoxODAwMDAwMDAwMDAwfX0=",
          "dependencies": [
            "azurerm_network_security_group.nc-sg",
            "azurerm_resource_group.nimbuscompute-rg"
          ]
        }
      ]
    },
    {
      "mode": "managed",
      "type": "azurerm_public_ip",
      "name": "nc-ip",
      "provider": "provider[\"registry.terraform.io/hashicorp/azurerm\"]",
      "instances": [
        {
          "schema_version": 0,
          "attributes": {
            "allocation_method": "Dynamic",
            "domain_name_label": null,
            "edge_zone": "",
            "fqdn": null,
            "id": "/subscriptions/db044149-df09-4871-bcaa-db118b8f3769/resourceGroups/nimbuscompute-resources/providers/Microsoft.Network/publicIPAddresses/nc-ip",
            "idle_timeout_in_minutes": 4,
            "ip_address": "",
            "ip_tags": null,
            "ip_version": "IPv4",
            "location": "uksouth",
            "name": "nc-ip",
            "public_ip_prefix_id": null,
            "resource_group_name": "nimbuscompute-resources",
            "reverse_fqdn": null,
            "sku": "Basic",
            "sku_tier": "Regional",
            "tags": {
              "environment": "dev"
            },
            "timeouts": null,
            "zones": null
          },
          "sensitive_attributes": [],
          "identity_schema_version": 0,
          "private": "eyJlMmJmYjczMC1lY2FhLTExZTYtOGY4OC0zNDM2M2JjN2M0YzAiOnsiY3JlYXRlIjoxODAwMDAwMDAwMDAwLCJkZWxldGUiOjE4MDAwMDAwMDAwMDAsInJlYWQiOjMwMDAwMDAwMDAwMCwidXBkYXRlIjoxODAwMDAwMDAwMDAwfX0=",
          "dependencies": [
            "azurerm_resource_group.nimbuscompute-rg"
          ]
        }
      ]
    },
    {
      "mode": "managed",
      "type": "azurerm_resource_group",
      "name": "nimbuscompute-rg",
      "provider": "provider[\"registry.terraform.io/hashicorp/azurerm\"]",
      "instances": [
        {
          "schema_version": 0,
          "attributes": {
            "id": "/subscriptions/db044149-df09-4871-bcaa-db118b8f3769/resourceGroups/nimbuscompute-resources",
            "location": "uksouth",
            "name": "nimbuscompute-resources",
            "tags": {
              "environment": "dev"
            },
            "timeouts": null
          },
          "sensitive_attributes": [],
          "identity_schema_version": 0,
          "private": "eyJlMmJmYjczMC1lY2FhLTExZTYtOGY4OC0zNDM2M2JjN2M0YzAiOnsiY3JlYXRlIjo1NDAwMDAwMDAwMDAwLCJkZWxldGUiOjU0MDAwMDAwMDAwMDAsInJlYWQiOjMwMDAwMDAwMDAwMCwidXBkYXRlIjo1NDAwMDAwMDAwMDAwfX0="
        }
      ]
    },
    {
      "mode": "managed",
      "type": "azurerm_subnet",
      "name": "nc-subnet",
      "provider": "provider[\"registry.terraform.io/hashicorp/azurerm\"]",
      "instances": [
        {
          "schema_version": 0,
          "attributes": {
            "address_prefixes": [
              "10.0.1.0/24"
            ],
            "delegation": [],
            "enforce_private_link_endpoint_network_policies": false,
            "enforce_private_link_service_network_policies": false,
            "id": "/subscriptions/db044149-df09-4871-bcaa-db118b8f3769/resourceGroups/nimbuscompute-resources/providers/Microsoft.Network/virtualNetworks/nimbuscompute-network/subnets/nimbuscompute-subnet",
            "name": "nimbuscompute-subnet",
            "resource_group_name": "nimbuscompute-resources",
            "service_endpoint_policy_ids": null,
            "service_endpoints": null,
            "timeouts": null,
            "virtual_network_name": "nimbuscompute-network"
          },
          "sensitive_attributes": [],
          "identity_schema_version": 0,
          "private": "eyJlMmJmYjczMC1lY2FhLTExZTYtOGY4OC0zNDM2M2JjN2M0YzAiOnsiY3JlYXRlIjoxODAwMDAwMDAwMDAwLCJkZWxldGUiOjE4MDAwMDAwMDAwMDAsInJlYWQiOjMwMDAwMDAwMDAwMCwidXBkYXRlIjoxODAwMDAwMDAwMDAwfX0=",
          "dependencies": [
            "azurerm_resource_group.nimbuscompute-rg",
            "azurerm_virtual_network.nc-rg"
          ]
        }
      ]
    },
    {
      "mode": "managed",
      "type": "azurerm_subnet_network_security_group_association",
      "name": "nc_sga",
      "provider": "provider[\"registry.terraform.io/hashicorp/azurerm\"]",
      "instances": [
        {
          "schema_version": 0,
          "attributes": {
            "id": "/subscriptions/db044149-df09-4871-bcaa-db118b8f3769/resourceGroups/nimbuscompute-resources/providers/Microsoft.Network/virtualNetworks/nimbuscompute-network/subnets/nimbuscompute-subnet",
            "network_security_group_id": "/subscriptions/db044149-df09-4871-bcaa-db118b8f3769/resourceGroups/nimbuscompute-resources/providers/Microsoft.Network/networkSecurityGroups/nc-sg",
            "subnet_id": "/subscriptions/db044149-df09-4871-bcaa-db118b8f3769/resourceGroups/nimbuscompute-resources/providers/Microsoft.Network/virtualNetworks/nimbuscompute-network/subnets/nimbuscompute-subnet",
            "timeouts": null
          },
          "sensitive_attributes": [],
          "identity_schema_version": 0,
          "private": "eyJlMmJmYjczMC1lY2FhLTExZTYtOGY4OC0zNDM2M2JjN2M0YzAiOnsiY3JlYXRlIjoxODAwMDAwMDAwMDAwLCJkZWxldGUiOjE4MDAwMDAwMDAwMDAsInJlYWQiOjMwMDAwMDAwMDAwMCwidXBkYXRlIjoxODAwMDAwMDAwMDAwfX0=",
          "dependencies": [
            "azurerm_network_security_group.nc-sg",
            "azurerm_resource_group.nimbuscompute-rg",
            "azurerm_subnet.nc-subnet",
            "azurerm_virtual_network.nc-rg"
          ]
        }
      ]
    },
    {
      "mode": "managed",
      "type": "azurerm_virtual_network",
      "name": "nc-rg",
      "provider": "provider[\"registry.terraform.io/hashicorp/azurerm\"]",
      "instances": [
        {
          "schema_version": 0,
          "attributes": {
            "address_space": [
              "10.0.0.0/16"
            ],
            "bgp_community": "",
            "ddos_protection_plan": [],
            "dns_servers": [],
            "edge_zone": "",
            "flow_timeout_in_minutes": 0,
            "guid": "c220e444-0531-46c8-935e-151792352f87",
            "id": "/subscriptions/db044149-df09-4871-bcaa-db118b8f3769/resourceGroups/nimbuscompute-resources/providers/Microsoft.Network/virtualNetworks/nimbuscompute-network",
            "location": "uksouth",
            "name": "nimbuscompute-network",
            "resource_group_name": "nimbuscompute-resources",
            "subnet": [],
            "tags": {
              "environment": "dev"
            },
            "timeouts": null
          },
          "sensitive_attributes": [],
          "identity_schema_version": 0,
          "private": "eyJlMmJmYjczMC1lY2FhLTExZTYtOGY4OC0zNDM2M2JjN2M0YzAiOnsiY3JlYXRlIjoxODAwMDAwMDAwMDAwLCJkZWxldGUiOjE4MDAwMDAwMDAwMDAsInJlYWQiOjMwMDAwMDAwMDAwMCwidXBkYXRlIjoxODAwMDAwMDAwMDAwfX0=",
          "dependencies": [
            "azurerm_resource_group.nimbuscompute-rg"
          ]
        }
      ]
    }
  ],
  "check_results": null
}
